
Microsoft Visual Studio Solution File, Format Version 12.00
# Visual Studio Version 16
VisualStudioVersion = 16.0.29613.14
MinimumVisualStudioVersion = 10.0.40219.1
Project("{FAE04EC0-301F-11D3-BF4B-00C04F79EFBC}") = "VirtualTest", "VirtualTest\VirtualTest.csproj", "{381B3385-7FB7-4BDF-8802-7EF7E9593C4C}"
EndProject
Project("{FAE04EC0-301F-11D3-BF4B-00C04F79EFBC}") = "VirtualTestInterface", "VirtualTestInterface\VirtualTestInterface.csproj", "{D6DAACD4-6D58-49FF-8200-1DC9F78ECABD}"
EndProject
Global
	GlobalSection(SolutionConfigurationPlatforms) = preSolution
		Debug|Any CPU = Debug|Any CPU
		Release|Any CPU = Release|Any CPU
	EndGlobalSection
	GlobalSection(ProjectConfigurationPlatforms) = postSolution
		{381B3385-7FB7-4BDF-8802-7EF7E9593C4C}.Debug|Any CPU.ActiveCfg = Debug|Any CPU
		{381B3385-7FB7-4BDF-8802-7EF7E9593C4C}.Debug|Any CPU.Build.0 = Debug|Any CPU
		{381B3385-7FB7-4BDF-8802-7EF7E9593C4C}.Release|Any CPU.ActiveCfg = Release|Any CPU
		{381B3385-7FB7-4BDF-8802-7EF7E9593C4C}.Release|Any CPU.Build.0 = Release|Any CPU
		{D6DAACD4-6D58-49FF-8200-1DC9F78ECABD}.Debug|Any CPU.ActiveCfg = Debug|Any CPU
		{D6DAACD4-6D58-49FF-8200-1DC9F78ECABD}.Debug|Any CPU.Build.0 = Debug|Any CPU
		{D6DAACD4-6D58-49FF-8200-1DC9F78ECABD}.Release|Any CPU.ActiveCfg = Release|Any CPU
		{D6DAACD4-6D58-49FF-8200-1DC9F78ECABD}.Release|Any CPU.Build.0 = Release|Any CPU
	EndGlobalSection
	GlobalSection(SolutionProperties) = preSolution
		HideSolutionNode = FALSE
	EndGlobalSection
	GlobalSection(ExtensibilityGlobals) = postSolution
		SolutionGuid = {2D7C0398-E075-41C3-8BA4-7B70AF1D2985}
	EndGlobalSection
EndGlobal
